// !$*UTF8*$!
{
	archiveVersion = 1;
	classes = {
	};
	objectVersion = 50;
	objects = {

/* Begin PBXBuildFile section */
		5814EF53216C183D0049F565 /* AppDelegate.swift in Sources */ = {isa = PBXBuildFile; fileRef = 5814EF52216C183D0049F565 /* AppDelegate.swift */; };
		5814EF55216C183D0049F565 /* FeedVc.swift in Sources */ = {isa = PBXBuildFile; fileRef = 5814EF54216C183D0049F565 /* FeedVc.swift */; };
		5814EF57216C183D0049F565 /* GroupsVC.swift in Sources */ = {isa = PBXBuildFile; fileRef = 5814EF56216C183D0049F565 /* GroupsVC.swift */; };
		5814EF5A216C183D0049F565 /* Main.storyboard in Resources */ = {isa = PBXBuildFile; fileRef = 5814EF58216C183D0049F565 /* Main.storyboard */; };
		5814EF5C216C183F0049F565 /* Assets.xcassets in Resources */ = {isa = PBXBuildFile; fileRef = 5814EF5B216C183F0049F565 /* Assets.xcassets */; };
		5814EF5F216C183F0049F565 /* LaunchScreen.storyboard in Resources */ = {isa = PBXBuildFile; fileRef = 5814EF5D216C183F0049F565 /* LaunchScreen.storyboard */; };
		5814EF6C216C19A40049F565 /* GoogleService-Info.plist in Resources */ = {isa = PBXBuildFile; fileRef = 5814EF6B216C19A40049F565 /* GoogleService-Info.plist */; };
		5814EF6E216C1B700049F565 /* DataService.swift in Sources */ = {isa = PBXBuildFile; fileRef = 5814EF6D216C1B700049F565 /* DataService.swift */; };
		5814EF70216C27770049F565 /* AuthVC.swift in Sources */ = {isa = PBXBuildFile; fileRef = 5814EF6F216C27770049F565 /* AuthVC.swift */; };
		5814EF72216C27BC0049F565 /* LoginVC.swift in Sources */ = {isa = PBXBuildFile; fileRef = 5814EF71216C27BC0049F565 /* LoginVC.swift */; };
		5814EF74216C281C0049F565 /* InsetTextField.swift in Sources */ = {isa = PBXBuildFile; fileRef = 5814EF73216C281C0049F565 /* InsetTextField.swift */; };
		5814EF76216C2DA40049F565 /* ShadowView.swift in Sources */ = {isa = PBXBuildFile; fileRef = 5814EF75216C2DA40049F565 /* ShadowView.swift */; };
		5814EF78216C2EF50049F565 /* AuthService.swift in Sources */ = {isa = PBXBuildFile; fileRef = 5814EF77216C2EF50049F565 /* AuthService.swift */; };
		582F861A217A6DAD002E1A04 /* MeVC.swift in Sources */ = {isa = PBXBuildFile; fileRef = 582F8619217A6DAC002E1A04 /* MeVC.swift */; };
		582F861C217A7390002E1A04 /* CreatePostVC.swift in Sources */ = {isa = PBXBuildFile; fileRef = 582F861B217A7390002E1A04 /* CreatePostVC.swift */; };
		582F861E217A7893002E1A04 /* UIViewExt.swift in Sources */ = {isa = PBXBuildFile; fileRef = 582F861D217A7893002E1A04 /* UIViewExt.swift */; };
		5999D5200D58220A36FE804D /* Pods_chitchat.framework in Frameworks */ = {isa = PBXBuildFile; fileRef = 704DE0C9D82DC95CB117B18C /* Pods_chitchat.framework */; };
/* End PBXBuildFile section */

/* Begin PBXFileReference section */
		31520C7B94FA31C86D418FAD /* Pods-chitchat.debug.xcconfig */ = {isa = PBXFileReference; includeInIndex = 1; lastKnownFileType = text.xcconfig; name = "Pods-chitchat.debug.xcconfig"; path = "Pods/Target Support Files/Pods-chitchat/Pods-chitchat.debug.xcconfig"; sourceTree = "<group>"; };
		5814EF4F216C183D0049F565 /* chitchat.app */ = {isa = PBXFileReference; explicitFileType = wrapper.application; includeInIndex = 0; path = chitchat.app; sourceTree = BUILT_PRODUCTS_DIR; };
		5814EF52216C183D0049F565 /* AppDelegate.swift */ = {isa = PBXFileReference; lastKnownFileType = sourcecode.swift; path = AppDelegate.swift; sourceTree = "<group>"; };
		5814EF54216C183D0049F565 /* FeedVc.swift */ = {isa = PBXFileReference; lastKnownFileType = sourcecode.swift; path = FeedVc.swift; sourceTree = "<group>"; };
		5814EF56216C183D0049F565 /* GroupsVC.swift */ = {isa = PBXFileReference; lastKnownFileType = sourcecode.swift; path = GroupsVC.swift; sourceTree = "<group>"; };
		5814EF59216C183D0049F565 /* Base */ = {isa = PBXFileReference; lastKnownFileType = file.storyboard; name = Base; path = Base.lproj/Main.storyboard; sourceTree = "<group>"; };
		5814EF5B216C183F0049F565 /* Assets.xcassets */ = {isa = PBXFileReference; lastKnownFileType = folder.assetcatalog; path = Assets.xcassets; sourceTree = "<group>"; };
		5814EF5E216C183F0049F565 /* Base */ = {isa = PBXFileReference; lastKnownFileType = file.storyboard; name = Base; path = Base.lproj/LaunchScreen.storyboard; sourceTree = "<group>"; };
		5814EF60216C183F0049F565 /* Info.plist */ = {isa = PBXFileReference; lastKnownFileType = text.plist.xml; path = Info.plist; sourceTree = "<group>"; };
		5814EF6B216C19A40049F565 /* GoogleService-Info.plist */ = {isa = PBXFileReference; fileEncoding = 4; lastKnownFileType = text.plist.xml; path = "GoogleService-Info.plist"; sourceTree = "<group>"; };
		5814EF6D216C1B700049F565 /* DataService.swift */ = {isa = PBXFileReference; lastKnownFileType = sourcecode.swift; path = DataService.swift; sourceTree = "<group>"; };
		5814EF6F216C27770049F565 /* AuthVC.swift */ = {isa = PBXFileReference; lastKnownFileType = sourcecode.swift; path = AuthVC.swift; sourceTree = "<group>"; };
		5814EF71216C27BC0049F565 /* LoginVC.swift */ = {isa = PBXFileReference; lastKnownFileType = sourcecode.swift; path = LoginVC.swift; sourceTree = "<group>"; };
		5814EF73216C281C0049F565 /* InsetTextField.swift */ = {isa = PBXFileReference; lastKnownFileType = sourcecode.swift; path = InsetTextField.swift; sourceTree = "<group>"; };
		5814EF75216C2DA40049F565 /* ShadowView.swift */ = {isa = PBXFileReference; lastKnownFileType = sourcecode.swift; path = ShadowView.swift; sourceTree = "<group>"; };
		5814EF77216C2EF50049F565 /* AuthService.swift */ = {isa = PBXFileReference; lastKnownFileType = sourcecode.swift; path = AuthService.swift; sourceTree = "<group>"; };
		582F8619217A6DAC002E1A04 /* MeVC.swift */ = {isa = PBXFileReference; lastKnownFileType = sourcecode.swift; path = MeVC.swift; sourceTree = "<group>"; };
		582F861B217A7390002E1A04 /* CreatePostVC.swift */ = {isa = PBXFileReference; lastKnownFileType = sourcecode.swift; path = CreatePostVC.swift; sourceTree = "<group>"; };
		582F861D217A7893002E1A04 /* UIViewExt.swift */ = {isa = PBXFileReference; lastKnownFileType = sourcecode.swift; path = UIViewExt.swift; sourceTree = "<group>"; };
		704DE0C9D82DC95CB117B18C /* Pods_chitchat.framework */ = {isa = PBXFileReference; explicitFileType = wrapper.framework; includeInIndex = 0; path = Pods_chitchat.framework; sourceTree = BUILT_PRODUCTS_DIR; };
		A7009BE2AE17D412F106FA2C /* Pods-chitchat.release.xcconfig */ = {isa = PBXFileReference; includeInIndex = 1; lastKnownFileType = text.xcconfig; name = "Pods-chitchat.release.xcconfig"; path = "Pods/Target Support Files/Pods-chitchat/Pods-chitchat.release.xcconfig"; sourceTree = "<group>"; };
/* End PBXFileReference section */

/* Begin PBXFrameworksBuildPhase section */
		5814EF4C216C183D0049F565 /* Frameworks */ = {
			isa = PBXFrameworksBuildPhase;
			buildActionMask = 2147483647;
			files = (
				5999D5200D58220A36FE804D /* Pods_chitchat.framework in Frameworks */,
			);
			runOnlyForDeploymentPostprocessing = 0;
		};
/* End PBXFrameworksBuildPhase section */

/* Begin PBXGroup section */
		064D841956F527AD8583A960 /* Frameworks */ = {
			isa = PBXGroup;
			children = (
				704DE0C9D82DC95CB117B18C /* Pods_chitchat.framework */,
			);
			name = Frameworks;
			sourceTree = "<group>";
		};
		5814EF46216C183D0049F565 = {
			isa = PBXGroup;
			children = (
				5814EF51216C183D0049F565 /* chitchat */,
				5814EF50216C183D0049F565 /* Products */,
				B5A28F9923B88DBD4538A2A3 /* Pods */,
				064D841956F527AD8583A960 /* Frameworks */,
			);
			sourceTree = "<group>";
		};
		5814EF50216C183D0049F565 /* Products */ = {
			isa = PBXGroup;
			children = (
				5814EF4F216C183D0049F565 /* chitchat.app */,
			);
			name = Products;
			sourceTree = "<group>";
		};
		5814EF51216C183D0049F565 /* chitchat */ = {
			isa = PBXGroup;
			children = (
				5814EF6A216C18E10049F565 /* Services */,
				5814EF69216C18B70049F565 /* Extensions */,
				5814EF68216C189F0049F565 /* Model */,
				5814EF67216C18960049F565 /* View */,
				5814EF66216C187F0049F565 /* Controller */,
				5814EF52216C183D0049F565 /* AppDelegate.swift */,
				5814EF58216C183D0049F565 /* Main.storyboard */,
				5814EF5B216C183F0049F565 /* Assets.xcassets */,
				5814EF5D216C183F0049F565 /* LaunchScreen.storyboard */,
				5814EF60216C183F0049F565 /* Info.plist */,
				5814EF6B216C19A40049F565 /* GoogleService-Info.plist */,
			);
			path = chitchat;
			sourceTree = "<group>";
		};
		5814EF66216C187F0049F565 /* Controller */ = {
			isa = PBXGroup;
			children = (
				5814EF54216C183D0049F565 /* FeedVc.swift */,
				5814EF56216C183D0049F565 /* GroupsVC.swift */,
				5814EF6F216C27770049F565 /* AuthVC.swift */,
				5814EF71216C27BC0049F565 /* LoginVC.swift */,
				582F8619217A6DAC002E1A04 /* MeVC.swift */,
				582F861B217A7390002E1A04 /* CreatePostVC.swift */,
			);
			path = Controller;
			sourceTree = "<group>";
		};
		5814EF67216C18960049F565 /* View */ = {
			isa = PBXGroup;
			children = (
				5814EF73216C281C0049F565 /* InsetTextField.swift */,
				5814EF75216C2DA40049F565 /* ShadowView.swift */,
			);
			path = View;
			sourceTree = "<group>";
		};
		5814EF68216C189F0049F565 /* Model */ = {
			isa = PBXGroup;
			children = (
			);
			path = Model;
			sourceTree = "<group>";
		};
		5814EF69216C18B70049F565 /* Extensions */ = {
			isa = PBXGroup;
			children = (
				582F861D217A7893002E1A04 /* UIViewExt.swift */,
			);
			path = Extensions;
			sourceTree = "<group>";
		};
		5814EF6A216C18E10049F565 /* Services */ = {
			isa = PBXGroup;
			children = (
				5814EF6D216C1B700049F565 /* DataService.swift */,
				5814EF77216C2EF50049F565 /* AuthService.swift */,
			);
			path = Services;
			sourceTree = "<group>";
		};
		B5A28F9923B88DBD4538A2A3 /* Pods */ = {
			isa = PBXGroup;
			children = (
				31520C7B94FA31C86D418FAD /* Pods-chitchat.debug.xcconfig */,
				A7009BE2AE17D412F106FA2C /* Pods-chitchat.release.xcconfig */,
			);
			name = Pods;
			sourceTree = "<group>";
		};
/* End PBXGroup section */

/* Begin PBXNativeTarget section */
		5814EF4E216C183D0049F565 /* chitchat */ = {
			isa = PBXNativeTarget;
			buildConfigurationList = 5814EF63216C183F0049F565 /* Build configuration list for PBXNativeTarget "chitchat" */;
			buildPhases = (
				33A8D4D5AB70354DFCD7BBFA /* [CP] Check Pods Manifest.lock */,
				5814EF4B216C183D0049F565 /* Sources */,
				5814EF4C216C183D0049F565 /* Frameworks */,
				5814EF4D216C183D0049F565 /* Resources */,
				AA6C26B6D3F5D2C3DB0B58CC /* [CP] Embed Pods Frameworks */,
			);
			buildRules = (
			);
			dependencies = (
			);
			name = chitchat;
			productName = chitchat;
			productReference = 5814EF4F216C183D0049F565 /* chitchat.app */;
			productType = "com.apple.product-type.application";
		};
/* End PBXNativeTarget section */

/* Begin PBXProject section */
		5814EF47216C183D0049F565 /* Project object */ = {
			isa = PBXProject;
			attributes = {
				LastSwiftUpdateCheck = 1000;
				LastUpgradeCheck = 1000;
				ORGANIZATIONNAME = "Weston Gibler";
				TargetAttributes = {
					5814EF4E216C183D0049F565 = {
						CreatedOnToolsVersion = 10.0;
					};
				};
			};
			buildConfigurationList = 5814EF4A216C183D0049F565 /* Build configuration list for PBXProject "chitchat" */;
			compatibilityVersion = "Xcode 9.3";
			developmentRegion = en;
			hasScannedForEncodings = 0;
			knownRegions = (
				en,
				Base,
			);
			mainGroup = 5814EF46216C183D0049F565;
			productRefGroup = 5814EF50216C183D0049F565 /* Products */;
			projectDirPath = "";
			projectRoot = "";
			targets = (
				5814EF4E216C183D0049F565 /* chitchat */,
			);
		};
/* End PBXProject section */

/* Begin PBXResourcesBuildPhase section */
		5814EF4D216C183D0049F565 /* Resources */ = {
			isa = PBXResourcesBuildPhase;
			buildActionMask = 2147483647;
			files = (
				5814EF5F216C183F0049F565 /* LaunchScreen.storyboard in Resources */,
				5814EF6C216C19A40049F565 /* GoogleService-Info.plist in Resources */,
				5814EF5C216C183F0049F565 /* Assets.xcassets in Resources */,
				5814EF5A216C183D0049F565 /* Main.storyboard in Resources */,
			);
			runOnlyForDeploymentPostprocessing = 0;
		};
/* End PBXResourcesBuildPhase section */

/* Begin PBXShellScriptBuildPhase section */
		33A8D4D5AB70354DFCD7BBFA /* [CP] Check Pods Manifest.lock */ = {
			isa = PBXShellScriptBuildPhase;
			buildActionMask = 2147483647;
			files = (
			);
			inputFileListPaths = (
			);
			inputPaths = (
				"${PODS_PODFILE_DIR_PATH}/Podfile.lock",
				"${PODS_ROOT}/Manifest.lock",
			);
			name = "[CP] Check Pods Manifest.lock";
			outputFileListPaths = (
			);
			outputPaths = (
				"$(DERIVED_FILE_DIR)/Pods-chitchat-checkManifestLockResult.txt",
			);
			runOnlyForDeploymentPostprocessing = 0;
			shellPath = /bin/sh;
			shellScript = "diff \"${PODS_PODFILE_DIR_PATH}/Podfile.lock\" \"${PODS_ROOT}/Manifest.lock\" > /dev/null\nif [ $? != 0 ] ; then\n    # print error to STDERR\n    echo \"error: The sandbox is not in sync with the Podfile.lock. Run 'pod install' or update your CocoaPods installation.\" >&2\n    exit 1\nfi\n# This output is used by Xcode 'outputs' to avoid re-running this script phase.\necho \"SUCCESS\" > \"${SCRIPT_OUTPUT_FILE_0}\"\n";
			showEnvVarsInLog = 0;
		};
		AA6C26B6D3F5D2C3DB0B58CC /* [CP] Embed Pods Frameworks */ = {
			isa = PBXShellScriptBuildPhase;
			buildActionMask = 2147483647;
			files = (
			);
			inputFileListPaths = (
			);
			inputPaths = (
				"${SRCROOT}/Pods/Target Support Files/Pods-chitchat/Pods-chitchat-frameworks.sh",
				"${BUILT_PRODUCTS_DIR}/GTMSessionFetcher/GTMSessionFetcher.framework",
				"${BUILT_PRODUCTS_DIR}/GoogleUtilities/GoogleUtilities.framework",
				"${BUILT_PRODUCTS_DIR}/leveldb-library/leveldb.framework",
				"${BUILT_PRODUCTS_DIR}/nanopb/nanopb.framework",
			);
			name = "[CP] Embed Pods Frameworks";
			outputFileListPaths = (
			);
			outputPaths = (
				"${TARGET_BUILD_DIR}/${FRAMEWORKS_FOLDER_PATH}/GTMSessionFetcher.framework",
				"${TARGET_BUILD_DIR}/${FRAMEWORKS_FOLDER_PATH}/GoogleUtilities.framework",
				"${TARGET_BUILD_DIR}/${FRAMEWORKS_FOLDER_PATH}/leveldb.framework",
				"${TARGET_BUILD_DIR}/${FRAMEWORKS_FOLDER_PATH}/nanopb.framework",
			);
			runOnlyForDeploymentPostprocessing = 0;
			shellPath = /bin/sh;
			shellScript = "\"${SRCROOT}/Pods/Target Support Files/Pods-chitchat/Pods-chitchat-frameworks.sh\"\n";
			showEnvVarsInLog = 0;
		};
/* End PBXShellScriptBuildPhase section */

/* Begin PBXSourcesBuildPhase section */
		5814EF4B216C183D0049F565 /* Sources */ = {
			isa = PBXSourcesBuildPhase;
			buildActionMask = 2147483647;
			files = (
				582F861E217A7893002E1A04 /* UIViewExt.swift in Sources */,
				582F861A217A6DAD002E1A04 /* MeVC.swift in Sources */,
				5814EF70216C27770049F565 /* AuthVC.swift in Sources */,
				5814EF57216C183D0049F565 /* GroupsVC.swift in Sources */,
				5814EF72216C27BC0049F565 /* LoginVC.swift in Sources */,
				5814EF78216C2EF50049F565 /* AuthService.swift in Sources */,
				5814EF53216C183D0049F565 /* AppDelegate.swift in Sources */,
				5814EF76216C2DA40049F565 /* ShadowView.swift in Sources */,
				582F861C217A7390002E1A04 /* CreatePostVC.swift in Sources */,
				5814EF55216C183D0049F565 /* FeedVc.swift in Sources */,
				5814EF74216C281C0049F565 /* InsetTextField.swift in Sources */,
				5814EF6E216C1B700049F565 /* DataService.swift in Sources */,
			);
			runOnlyForDeploymentPostprocessing = 0;
		};
/* End PBXSourcesBuildPhase section */

/* Begin PBXVariantGroup section */
		5814EF58216C183D0049F565 /* Main.storyboard */ = {
			isa = PBXVariantGroup;
			children = (
				5814EF59216C183D0049F565 /* Base */,
			);
			name = Main.storyboard;
			sourceTree = "<group>";
		};
		5814EF5D216C183F0049F565 /* LaunchScreen.storyboard */ = {
			isa = PBXVariantGroup;
			children = (
				5814EF5E216C183F0049F565 /* Base */,
			);
			name = LaunchScreen.storyboard;
			sourceTree = "<group>";
		};
/* End PBXVariantGroup section */

/* Begin XCBuildConfiguration section */
		5814EF61216C183F0049F565 /* Debug */ = {
			isa = XCBuildConfiguration;
			buildSettings = {
				ALWAYS_SEARCH_USER_PATHS = NO;
				CLANG_ANALYZER_NONNULL = YES;
				CLANG_ANALYZER_NUMBER_OBJECT_CONVERSION = YES_AGGRESSIVE;
				CLANG_CXX_LANGUAGE_STANDARD = "gnu++14";
				CLANG_CXX_LIBRARY = "libc++";
				CLANG_ENABLE_MODULES = YES;
				CLANG_ENABLE_OBJC_ARC = YES;
				CLANG_ENABLE_OBJC_WEAK = YES;
				CLANG_WARN_BLOCK_CAPTURE_AUTORELEASING = YES;
				CLANG_WARN_BOOL_CONVERSION = YES;
				CLANG_WARN_COMMA = YES;
				CLANG_WARN_CONSTANT_CONVERSION = YES;
				CLANG_WARN_DEPRECATED_OBJC_IMPLEMENTATIONS = YES;
				CLANG_WARN_DIRECT_OBJC_ISA_USAGE = YES_ERROR;
				CLANG_WARN_DOCUMENTATION_COMMENTS = YES;
				CLANG_WARN_EMPTY_BODY = YES;
				CLANG_WARN_ENUM_CONVERSION = YES;
				CLANG_WARN_INFINITE_RECURSION = YES;
				CLANG_WARN_INT_CONVERSION = YES;
				CLANG_WARN_NON_LITERAL_NULL_CONVERSION = YES;
				CLANG_WARN_OBJC_IMPLICIT_RETAIN_SELF = YES;
				CLANG_WARN_OBJC_LITERAL_CONVERSION = YES;
				CLANG_WARN_OBJC_ROOT_CLASS = YES_ERROR;
				CLANG_WARN_RANGE_LOOP_ANALYSIS = YES;
				CLANG_WARN_STRICT_PROTOTYPES = YES;
				CLANG_WARN_SUSPICIOUS_MOVE = YES;
				CLANG_WARN_UNGUARDED_AVAILABILITY = YES_AGGRESSIVE;
				CLANG_WARN_UNREACHABLE_CODE = YES;
				CLANG_WARN__DUPLICATE_METHOD_MATCH = YES;
				CODE_SIGN_IDENTITY = "iPhone Developer";
				COPY_PHASE_STRIP = NO;
				DEBUG_INFORMATION_FORMAT = dwarf;
				ENABLE_STRICT_OBJC_MSGSEND = YES;
				ENABLE_TESTABILITY = YES;
				GCC_C_LANGUAGE_STANDARD = gnu11;
				GCC_DYNAMIC_NO_PIC = NO;
				GCC_NO_COMMON_BLOCKS = YES;
				GCC_OPTIMIZATION_LEVEL = 0;
				GCC_PREPROCESSOR_DEFINITIONS = (
					"DEBUG=1",
					"$(inherited)",
				);
				GCC_WARN_64_TO_32_BIT_CONVERSION = YES;
				GCC_WARN_ABOUT_RETURN_TYPE = YES_ERROR;
				GCC_WARN_UNDECLARED_SELECTOR = YES;
				GCC_WARN_UNINITIALIZED_AUTOS = YES_AGGRESSIVE;
				GCC_WARN_UNUSED_FUNCTION = YES;
				GCC_WARN_UNUSED_VARIABLE = YES;
				IPHONEOS_DEPLOYMENT_TARGET = 12.0;
				MTL_ENABLE_DEBUG_INFO = INCLUDE_SOURCE;
				MTL_FAST_MATH = YES;
				ONLY_ACTIVE_ARCH = YES;
				SDKROOT = iphoneos;
				SWIFT_ACTIVE_COMPILATION_CONDITIONS = DEBUG;
				SWIFT_OPTIMIZATION_LEVEL = "-Onone";
			};
			name = Debug;
		};
		5814EF62216C183F0049F565 /* Release */ = {
			isa = XCBuildConfiguration;
			buildSettings = {
				ALWAYS_SEARCH_USER_PATHS = NO;
				CLANG_ANALYZER_NONNULL = YES;
				CLANG_ANALYZER_NUMBER_OBJECT_CONVERSION = YES_AGGRESSIVE;
				CLANG_CXX_LANGUAGE_STANDARD = "gnu++14";
				CLANG_CXX_LIBRARY = "libc++";
				CLANG_ENABLE_MODULES = YES;
				CLANG_ENABLE_OBJC_ARC = YES;
				CLANG_ENABLE_OBJC_WEAK = YES;
				CLANG_WARN_BLOCK_CAPTURE_AUTORELEASING = YES;
				CLANG_WARN_BOOL_CONVERSION = YES;
				CLANG_WARN_COMMA = YES;
				CLANG_WARN_CONSTANT_CONVERSION = YES;
				CLANG_WARN_DEPRECATED_OBJC_IMPLEMENTATIONS = YES;
				CLANG_WARN_DIRECT_OBJC_ISA_USAGE = YES_ERROR;
				CLANG_WARN_DOCUMENTATION_COMMENTS = YES;
				CLANG_WARN_EMPTY_BODY = YES;
				CLANG_WARN_ENUM_CONVERSION = YES;
				CLANG_WARN_INFINITE_RECURSION = YES;
				CLANG_WARN_INT_CONVERSION = YES;
				CLANG_WARN_NON_LITERAL_NULL_CONVERSION = YES;
				CLANG_WARN_OBJC_IMPLICIT_RETAIN_SELF = YES;
				CLANG_WARN_OBJC_LITERAL_CONVERSION = YES;
				CLANG_WARN_OBJC_ROOT_CLASS = YES_ERROR;
				CLANG_WARN_RANGE_LOOP_ANALYSIS = YES;
				CLANG_WARN_STRICT_PROTOTYPES = YES;
				CLANG_WARN_SUSPICIOUS_MOVE = YES;
				CLANG_WARN_UNGUARDED_AVAILABILITY = YES_AGGRESSIVE;
				CLANG_WARN_UNREACHABLE_CODE = YES;
				CLANG_WARN__DUPLICATE_METHOD_MATCH = YES;
				CODE_SIGN_IDENTITY = "iPhone Developer";
				COPY_PHASE_STRIP = NO;
				DEBUG_INFORMATION_FORMAT = "dwarf-with-dsym";
				ENABLE_NS_ASSERTIONS = NO;
				ENABLE_STRICT_OBJC_MSGSEND = YES;
				GCC_C_LANGUAGE_STANDARD = gnu11;
				GCC_NO_COMMON_BLOCKS = YES;
				GCC_WARN_64_TO_32_BIT_CONVERSION = YES;
				GCC_WARN_ABOUT_RETURN_TYPE = YES_ERROR;
				GCC_WARN_UNDECLARED_SELECTOR = YES;
				GCC_WARN_UNINITIALIZED_AUTOS = YES_AGGRESSIVE;
				GCC_WARN_UNUSED_FUNCTION = YES;
				GCC_WARN_UNUSED_VARIABLE = YES;
				IPHONEOS_DEPLOYMENT_TARGET = 12.0;
				MTL_ENABLE_DEBUG_INFO = NO;
				MTL_FAST_MATH = YES;
				SDKROOT = iphoneos;
				SWIFT_COMPILATION_MODE = wholemodule;
				SWIFT_OPTIMIZATION_LEVEL = "-O";
				VALIDATE_PRODUCT = YES;
			};
			name = Release;
		};
		5814EF64216C183F0049F565 /* Debug */ = {
			isa = XCBuildConfiguration;
			baseConfigurationReference = 31520C7B94FA31C86D418FAD /* Pods-chitchat.debug.xcconfig */;
			buildSettings = {
				ASSETCATALOG_COMPILER_APPICON_NAME = AppIcon;
				CODE_SIGN_STYLE = Automatic;
				DEVELOPMENT_TEAM = RP6FSYN5B5;
				INFOPLIST_FILE = chitchat/Info.plist;
				LD_RUNPATH_SEARCH_PATHS = (
					"$(inherited)",
					"@executable_path/Frameworks",
				);
				PRODUCT_BUNDLE_IDENTIFIER = com.westongibler.chitchat;
				PRODUCT_NAME = "$(TARGET_NAME)";
				SWIFT_VERSION = 4.2;
				TARGETED_DEVICE_FAMILY = "1,2";
			};
			name = Debug;
		};
		5814EF65216C183F0049F565 /* Release */ = {
			isa = XCBuildConfiguration;
			baseConfigurationReference = A7009BE2AE17D412F106FA2C /* Pods-chitchat.release.xcconfig */;
			buildSettings = {
				ASSETCATALOG_COMPILER_APPICON_NAME = AppIcon;
				CODE_SIGN_STYLE = Automatic;
				DEVELOPMENT_TEAM = RP6FSYN5B5;
				INFOPLIST_FILE = chitchat/Info.plist;
				LD_RUNPATH_SEARCH_PATHS = (
					"$(inherited)",
					"@executable_path/Frameworks",
				);
				PRODUCT_BUNDLE_IDENTIFIER = com.westongibler.chitchat;
				PRODUCT_NAME = "$(TARGET_NAME)";
				SWIFT_VERSION = 4.2;
				TARGETED_DEVICE_FAMILY = "1,2";
			};
			name = Release;
		};
/* End XCBuildConfiguration section */

/* Begin XCConfigurationList section */
		5814EF4A216C183D0049F565 /* Build configuration list for PBXProject "chitchat" */ = {
			isa = XCConfigurationList;
			buildConfigurations = (
				5814EF61216C183F0049F565 /* Debug */,
				5814EF62216C183F0049F565 /* Release */,
			);
			defaultConfigurationIsVisible = 0;
			defaultConfigurationName = Release;
		};
		5814EF63216C183F0049F565 /* Build configuration list for PBXNativeTarget "chitchat" */ = {
			isa = XCConfigurationList;
			buildConfigurations = (
				5814EF64216C183F0049F565 /* Debug */,
				5814EF65216C183F0049F565 /* Release */,
			);
			defaultConfigurationIsVisible = 0;
			defaultConfigurationName = Release;
		};
/* End XCConfigurationList section */
	};
	rootObject = 5814EF47216C183D0049F565 /* Project object */;
}
